
Microsoft Visual Studio Solution File, Format Version 12.00
# Visual Studio 15
VisualStudioVersion = 15.0.27703.2018
MinimumVisualStudioVersion = 10.0.40219.1
Project("{FAE04EC0-301F-11D3-BF4B-00C04F79EFBC}") = "DatasheetCardsW40K", "DatasheetCardsW40K\DatasheetCardsW40K.csproj", "{060F635D-3C8D-4DD3-886E-5C525FF97AA7}"
EndProject
Global
	GlobalSection(SolutionConfigurationPlatforms) = preSolution
		Debug|Any CPU = Debug|Any CPU
		Release|Any CPU = Release|Any CPU
	EndGlobalSection
	GlobalSection(ProjectConfigurationPlatforms) = postSolution
		{060F635D-3C8D-4DD3-886E-5C525FF97AA7}.Debug|Any CPU.ActiveCfg = Debug|Any CPU
		{060F635D-3C8D-4DD3-886E-5C525FF97AA7}.Debug|Any CPU.Build.0 = Debug|Any CPU
		{060F635D-3C8D-4DD3-886E-5C525FF97AA7}.Release|Any CPU.ActiveCfg = Release|Any CPU
		{060F635D-3C8D-4DD3-886E-5C525FF97AA7}.Release|Any CPU.Build.0 = Release|Any CPU
	EndGlobalSection
	GlobalSection(SolutionProperties) = preSolution
		HideSolutionNode = FALSE
	EndGlobalSection
	GlobalSection(ExtensibilityGlobals) = postSolution
		SolutionGuid = {BB82273C-FE40-4D42-8060-3E5EEE5A423B}
	EndGlobalSection
EndGlobal
